
Microsoft Visual Studio Solution File, Format Version 12.00
# Visual Studio Version 16
VisualStudioVersion = 16.0.31205.134
MinimumVisualStudioVersion = 10.0.40219.1
Project("{FAE04EC0-301F-11D3-BF4B-00C04F79EFBC}") = "sistemadebancodepalavras", "sistema-de-banco-de-palavras\sistemadebancodepalavras.csproj", "{B6ADD881-AD68-456D-8796-4ADBE885F6CA}"
EndProject
Global
	GlobalSection(SolutionConfigurationPlatforms) = preSolution
		Debug|Any CPU = Debug|Any CPU
		Release|Any CPU = Release|Any CPU
	EndGlobalSection
	GlobalSection(ProjectConfigurationPlatforms) = postSolution
		{B6ADD881-AD68-456D-8796-4ADBE885F6CA}.Debug|Any CPU.ActiveCfg = Debug|Any CPU
		{B6ADD881-AD68-456D-8796-4ADBE885F6CA}.Debug|Any CPU.Build.0 = Debug|Any CPU
		{B6ADD881-AD68-456D-8796-4ADBE885F6CA}.Release|Any CPU.ActiveCfg = Release|Any CPU
		{B6ADD881-AD68-456D-8796-4ADBE885F6CA}.Release|Any CPU.Build.0 = Release|Any CPU
	EndGlobalSection
	GlobalSection(SolutionProperties) = preSolution
		HideSolutionNode = FALSE
	EndGlobalSection
	GlobalSection(ExtensibilityGlobals) = postSolution
		SolutionGuid = {98AA92C9-369B-4137-809B-6661C19932A5}
	EndGlobalSection
EndGlobal
